// !$*UTF8*$!
{
	archiveVersion = 1;
	classes = {
	};
	objectVersion = 46;
	objects = {

/* Begin PBXBuildFile section */
		697BF4331AC818940081BE03 /* AppDelegate.swift in Sources */ = {isa = PBXBuildFile; fileRef = 697BF4321AC818940081BE03 /* AppDelegate.swift */; };
		697BF4351AC818940081BE03 /* ViewController.swift in Sources */ = {isa = PBXBuildFile; fileRef = 697BF4341AC818940081BE03 /* ViewController.swift */; };
		697BF4381AC818940081BE03 /* Main.storyboard in Resources */ = {isa = PBXBuildFile; fileRef = 697BF4361AC818940081BE03 /* Main.storyboard */; };
		697BF43A1AC818940081BE03 /* Images.xcassets in Resources */ = {isa = PBXBuildFile; fileRef = 697BF4391AC818940081BE03 /* Images.xcassets */; };
		697BF43D1AC818940081BE03 /* LaunchScreen.xib in Resources */ = {isa = PBXBuildFile; fileRef = 697BF43B1AC818940081BE03 /* LaunchScreen.xib */; };
		697BF4491AC818940081BE03 /* ConstratinsTests.swift in Sources */ = {isa = PBXBuildFile; fileRef = 697BF4481AC818940081BE03 /* ConstratinsTests.swift */; };
/* End PBXBuildFile section */

/* Begin PBXContainerItemProxy section */
		697BF4431AC818940081BE03 /* PBXContainerItemProxy */ = {
			isa = PBXContainerItemProxy;
			containerPortal = 697BF4251AC818940081BE03 /* Project object */;
			proxyType = 1;
			remoteGlobalIDString = 697BF42C1AC818940081BE03;
			remoteInfo = Constratins;
		};
/* End PBXContainerItemProxy section */

/* Begin PBXFileReference section */
		697BF42D1AC818940081BE03 /* Constratins.app */ = {isa = PBXFileReference; explicitFileType = wrapper.application; includeInIndex = 0; path = Constratins.app; sourceTree = BUILT_PRODUCTS_DIR; };
		697BF4311AC818940081BE03 /* Info.plist */ = {isa = PBXFileReference; lastKnownFileType = text.plist.xml; path = Info.plist; sourceTree = "<group>"; };
		697BF4321AC818940081BE03 /* AppDelegate.swift */ = {isa = PBXFileReference; lastKnownFileType = sourcecode.swift; path = AppDelegate.swift; sourceTree = "<group>"; };
		697BF4341AC818940081BE03 /* ViewController.swift */ = {isa = PBXFileReference; lastKnownFileType = sourcecode.swift; path = ViewController.swift; sourceTree = "<group>"; };
		697BF4371AC818940081BE03 /* Base */ = {isa = PBXFileReference; lastKnownFileType = file.storyboard; name = Base; path = Base.lproj/Main.storyboard; sourceTree = "<group>"; };
		697BF4391AC818940081BE03 /* Images.xcassets */ = {isa = PBXFileReference; lastKnownFileType = folder.assetcatalog; path = Images.xcassets; sourceTree = "<group>"; };
		697BF43C1AC818940081BE03 /* Base */ = {isa = PBXFileReference; lastKnownFileType = file.xib; name = Base; path = Base.lproj/LaunchScreen.xib; sourceTree = "<group>"; };
		697BF4421AC818940081BE03 /* ConstratinsTests.xctest */ = {isa = PBXFileReference; explicitFileType = wrapper.cfbundle; includeInIndex = 0; path = ConstratinsTests.xctest; sourceTree = BUILT_PRODUCTS_DIR; };
		697BF4471AC818940081BE03 /* Info.plist */ = {isa = PBXFileReference; lastKnownFileType = text.plist.xml; path = Info.plist; sourceTree = "<group>"; };
		697BF4481AC818940081BE03 /* ConstratinsTests.swift */ = {isa = PBXFileReference; lastKnownFileType = sourcecode.swift; path = ConstratinsTests.swift; sourceTree = "<group>"; };
/* End PBXFileReference section */

/* Begin PBXFrameworksBuildPhase section */
		697BF42A1AC818940081BE03 /* Frameworks */ = {
			isa = PBXFrameworksBuildPhase;
			buildActionMask = 2147483647;
			files = (
			);
			runOnlyForDeploymentPostprocessing = 0;
		};
		697BF43F1AC818940081BE03 /* Frameworks */ = {
			isa = PBXFrameworksBuildPhase;
			buildActionMask = 2147483647;
			files = (
			);
			runOnlyForDeploymentPostprocessing = 0;
		};
/* End PBXFrameworksBuildPhase section */

/* Begin PBXGroup section */
		697BF4241AC818940081BE03 = {
			isa = PBXGroup;
			children = (
				697BF42F1AC818940081BE03 /* Constratins */,
				697BF4451AC818940081BE03 /* ConstratinsTests */,
				697BF42E1AC818940081BE03 /* Products */,
			);
			sourceTree = "<group>";
		};
		697BF42E1AC818940081BE03 /* Products */ = {
			isa = PBXGroup;
			children = (
				697BF42D1AC818940081BE03 /* Constratins.app */,
				697BF4421AC818940081BE03 /* ConstratinsTests.xctest */,
			);
			name = Products;
			sourceTree = "<group>";
		};
		697BF42F1AC818940081BE03 /* Constratins */ = {
			isa = PBXGroup;
			children = (
				697BF4321AC818940081BE03 /* AppDelegate.swift */,
				697BF4341AC818940081BE03 /* ViewController.swift */,
				697BF4361AC818940081BE03 /* Main.storyboard */,
				697BF4391AC818940081BE03 /* Images.xcassets */,
				697BF43B1AC818940081BE03 /* LaunchScreen.xib */,
				697BF4301AC818940081BE03 /* Supporting Files */,
			);
			path = Constratins;
			sourceTree = "<group>";
		};
		697BF4301AC818940081BE03 /* Supporting Files */ = {
			isa = PBXGroup;
			children = (
				697BF4311AC818940081BE03 /* Info.plist */,
			);
			name = "Supporting Files";
			sourceTree = "<group>";
		};
		697BF4451AC818940081BE03 /* ConstratinsTests */ = {
			isa = PBXGroup;
			children = (
				697BF4481AC818940081BE03 /* ConstratinsTests.swift */,
				697BF4461AC818940081BE03 /* Supporting Files */,
			);
			path = ConstratinsTests;
			sourceTree = "<group>";
		};
		697BF4461AC818940081BE03 /* Supporting Files */ = {
			isa = PBXGroup;
			children = (
				697BF4471AC818940081BE03 /* Info.plist */,
			);
			name = "Supporting Files";
			sourceTree = "<group>";
		};
/* End PBXGroup section */

/* Begin PBXNativeTarget section */
		697BF42C1AC818940081BE03 /* Constratins */ = {
			isa = PBXNativeTarget;
			buildConfigurationList = 697BF44C1AC818940081BE03 /* Build configuration list for PBXNativeTarget "Constratins" */;
			buildPhases = (
				697BF4291AC818940081BE03 /* Sources */,
				697BF42A1AC818940081BE03 /* Frameworks */,
				697BF42B1AC818940081BE03 /* Resources */,
			);
			buildRules = (
			);
			dependencies = (
			);
			name = Constratins;
			productName = Constratins;
			productReference = 697BF42D1AC818940081BE03 /* Constratins.app */;
			productType = "com.apple.product-type.application";
		};
		697BF4411AC818940081BE03 /* ConstratinsTests */ = {
			isa = PBXNativeTarget;
			buildConfigurationList = 697BF44F1AC818940081BE03 /* Build configuration list for PBXNativeTarget "ConstratinsTests" */;
			buildPhases = (
				697BF43E1AC818940081BE03 /* Sources */,
				697BF43F1AC818940081BE03 /* Frameworks */,
				697BF4401AC818940081BE03 /* Resources */,
			);
			buildRules = (
			);
			dependencies = (
				697BF4441AC818940081BE03 /* PBXTargetDependency */,
			);
			name = ConstratinsTests;
			productName = ConstratinsTests;
			productReference = 697BF4421AC818940081BE03 /* ConstratinsTests.xctest */;
			productType = "com.apple.product-type.bundle.unit-test";
		};
/* End PBXNativeTarget section */

/* Begin PBXProject section */
		697BF4251AC818940081BE03 /* Project object */ = {
			isa = PBXProject;
			attributes = {
				LastUpgradeCheck = 0620;
				ORGANIZATIONNAME = "Jin Seo";
				TargetAttributes = {
					697BF42C1AC818940081BE03 = {
						CreatedOnToolsVersion = 6.2;
					};
					697BF4411AC818940081BE03 = {
						CreatedOnToolsVersion = 6.2;
						TestTargetID = 697BF42C1AC818940081BE03;
					};
				};
			};
			buildConfigurationList = 697BF4281AC818940081BE03 /* Build configuration list for PBXProject "Constratins" */;
			compatibilityVersion = "Xcode 3.2";
			developmentRegion = English;
			hasScannedForEncodings = 0;
			knownRegions = (
				en,
				Base,
			);
			mainGroup = 697BF4241AC818940081BE03;
			productRefGroup = 697BF42E1AC818940081BE03 /* Products */;
			projectDirPath = "";
			projectRoot = "";
			targets = (
				697BF42C1AC818940081BE03 /* Constratins */,
				697BF4411AC818940081BE03 /* ConstratinsTests */,
			);
		};
/* End PBXProject section */

/* Begin PBXResourcesBuildPhase section */
		697BF42B1AC818940081BE03 /* Resources */ = {
			isa = PBXResourcesBuildPhase;
			buildActionMask = 2147483647;
			files = (
				697BF4381AC818940081BE03 /* Main.storyboard in Resources */,
				697BF43D1AC818940081BE03 /* LaunchScreen.xib in Resources */,
				697BF43A1AC818940081BE03 /* Images.xcassets in Resources */,
			);
			runOnlyForDeploymentPostprocessing = 0;
		};
		697BF4401AC818940081BE03 /* Resources */ = {
			isa = PBXResourcesBuildPhase;
			buildActionMask = 2147483647;
			files = (
			);
			runOnlyForDeploymentPostprocessing = 0;
		};
/* End PBXResourcesBuildPhase section */

/* Begin PBXSourcesBuildPhase section */
		697BF4291AC818940081BE03 /* Sources */ = {
			isa = PBXSourcesBuildPhase;
			buildActionMask = 2147483647;
			files = (
				697BF4351AC818940081BE03 /* ViewController.swift in Sources */,
				697BF4331AC818940081BE03 /* AppDelegate.swift in Sources */,
			);
			runOnlyForDeploymentPostprocessing = 0;
		};
		697BF43E1AC818940081BE03 /* Sources */ = {
			isa = PBXSourcesBuildPhase;
			buildActionMask = 2147483647;
			files = (
				697BF4491AC818940081BE03 /* ConstratinsTests.swift in Sources */,
			);
			runOnlyForDeploymentPostprocessing = 0;
		};
/* End PBXSourcesBuildPhase section */

/* Begin PBXTargetDependency section */
		697BF4441AC818940081BE03 /* PBXTargetDependency */ = {
			isa = PBXTargetDependency;
			target = 697BF42C1AC818940081BE03 /* Constratins */;
			targetProxy = 697BF4431AC818940081BE03 /* PBXContainerItemProxy */;
		};
/* End PBXTargetDependency section */

/* Begin PBXVariantGroup section */
		697BF4361AC818940081BE03 /* Main.storyboard */ = {
			isa = PBXVariantGroup;
			children = (
				697BF4371AC818940081BE03 /* Base */,
			);
			name = Main.storyboard;
			sourceTree = "<group>";
		};
		697BF43B1AC818940081BE03 /* LaunchScreen.xib */ = {
			isa = PBXVariantGroup;
			children = (
				697BF43C1AC818940081BE03 /* Base */,
			);
			name = LaunchScreen.xib;
			sourceTree = "<group>";
		};
/* End PBXVariantGroup section */

/* Begin XCBuildConfiguration section */
		697BF44A1AC818940081BE03 /* Debug */ = {
			isa = XCBuildConfiguration;
			buildSettings = {
				ALWAYS_SEARCH_USER_PATHS = NO;
				CLANG_CXX_LANGUAGE_STANDARD = "gnu++0x";
				CLANG_CXX_LIBRARY = "libc++";
				CLANG_ENABLE_MODULES = YES;
				CLANG_ENABLE_OBJC_ARC = YES;
				CLANG_WARN_BOOL_CONVERSION = YES;
				CLANG_WARN_CONSTANT_CONVERSION = YES;
				CLANG_WARN_DIRECT_OBJC_ISA_USAGE = YES_ERROR;
				CLANG_WARN_EMPTY_BODY = YES;
				CLANG_WARN_ENUM_CONVERSION = YES;
				CLANG_WARN_INT_CONVERSION = YES;
				CLANG_WARN_OBJC_ROOT_CLASS = YES_ERROR;
				CLANG_WARN_UNREACHABLE_CODE = YES;
				CLANG_WARN__DUPLICATE_METHOD_MATCH = YES;
				"CODE_SIGN_IDENTITY[sdk=iphoneos*]" = "iPhone Developer";
				COPY_PHASE_STRIP = NO;
				ENABLE_STRICT_OBJC_MSGSEND = YES;
				GCC_C_LANGUAGE_STANDARD = gnu99;
				GCC_DYNAMIC_NO_PIC = NO;
				GCC_OPTIMIZATION_LEVEL = 0;
				GCC_PREPROCESSOR_DEFINITIONS = (
					"DEBUG=1",
					"$(inherited)",
				);
				GCC_SYMBOLS_PRIVATE_EXTERN = NO;
				GCC_WARN_64_TO_32_BIT_CONVERSION = YES;
				GCC_WARN_ABOUT_RETURN_TYPE = YES_ERROR;
				GCC_WARN_UNDECLARED_SELECTOR = YES;
				GCC_WARN_UNINITIALIZED_AUTOS = YES_AGGRESSIVE;
				GCC_WARN_UNUSED_FUNCTION = YES;
				GCC_WARN_UNUSED_VARIABLE = YES;
				IPHONEOS_DEPLOYMENT_TARGET = 8.2;
				MTL_ENABLE_DEBUG_INFO = YES;
				ONLY_ACTIVE_ARCH = YES;
				SDKROOT = iphoneos;
				SWIFT_OPTIMIZATION_LEVEL = "-Onone";
			};
			name = Debug;
		};
		697BF44B1AC818940081BE03 /* Release */ = {
			isa = XCBuildConfiguration;
			buildSettings = {
				ALWAYS_SEARCH_USER_PATHS = NO;
				CLANG_CXX_LANGUAGE_STANDARD = "gnu++0x";
				CLANG_CXX_LIBRARY = "libc++";
				CLANG_ENABLE_MODULES = YES;
				CLANG_ENABLE_OBJC_ARC = YES;
				CLANG_WARN_BOOL_CONVERSION = YES;
				CLANG_WARN_CONSTANT_CONVERSION = YES;
				CLANG_WARN_DIRECT_OBJC_ISA_USAGE = YES_ERROR;
				CLANG_WARN_EMPTY_BODY = YES;
				CLANG_WARN_ENUM_CONVERSION = YES;
				CLANG_WARN_INT_CONVERSION = YES;
				CLANG_WARN_OBJC_ROOT_CLASS = YES_ERROR;
				CLANG_WARN_UNREACHABLE_CODE = YES;
				CLANG_WARN__DUPLICATE_METHOD_MATCH = YES;
				"CODE_SIGN_IDENTITY[sdk=iphoneos*]" = "iPhone Developer";
				COPY_PHASE_STRIP = NO;
				ENABLE_NS_ASSERTIONS = NO;
				ENABLE_STRICT_OBJC_MSGSEND = YES;
				GCC_C_LANGUAGE_STANDARD = gnu99;
				GCC_WARN_64_TO_32_BIT_CONVERSION = YES;
				GCC_WARN_ABOUT_RETURN_TYPE = YES_ERROR;
				GCC_WARN_UNDECLARED_SELECTOR = YES;
				GCC_WARN_UNINITIALIZED_AUTOS = YES_AGGRESSIVE;
				GCC_WARN_UNUSED_FUNCTION = YES;
				GCC_WARN_UNUSED_VARIABLE = YES;
				IPHONEOS_DEPLOYMENT_TARGET = 8.2;
				MTL_ENABLE_DEBUG_INFO = NO;
				SDKROOT = iphoneos;
				VALIDATE_PRODUCT = YES;
			};
			name = Release;
		};
		697BF44D1AC818940081BE03 /* Debug */ = {
			isa = XCBuildConfiguration;
			buildSettings = {
				ASSETCATALOG_COMPILER_APPICON_NAME = AppIcon;
				INFOPLIST_FILE = Constratins/Info.plist;
				LD_RUNPATH_SEARCH_PATHS = "$(inherited) @executable_path/Frameworks";
				PRODUCT_NAME = "$(TARGET_NAME)";
			};
			name = Debug;
		};
		697BF44E1AC818940081BE03 /* Release */ = {
			isa = XCBuildConfiguration;
			buildSettings = {
				ASSETCATALOG_COMPILER_APPICON_NAME = AppIcon;
				INFOPLIST_FILE = Constratins/Info.plist;
				LD_RUNPATH_SEARCH_PATHS = "$(inherited) @executable_path/Frameworks";
				PRODUCT_NAME = "$(TARGET_NAME)";
			};
			name = Release;
		};
		697BF4501AC818940081BE03 /* Debug */ = {
			isa = XCBuildConfiguration;
			buildSettings = {
				BUNDLE_LOADER = "$(TEST_HOST)";
				FRAMEWORK_SEARCH_PATHS = (
					"$(SDKROOT)/Developer/Library/Frameworks",
					"$(inherited)",
				);
				GCC_PREPROCESSOR_DEFINITIONS = (
					"DEBUG=1",
					"$(inherited)",
				);
				INFOPLIST_FILE = ConstratinsTests/Info.plist;
				LD_RUNPATH_SEARCH_PATHS = "$(inherited) @executable_path/Frameworks @loader_path/Frameworks";
				PRODUCT_NAME = "$(TARGET_NAME)";
				TEST_HOST = "$(BUILT_PRODUCTS_DIR)/Constratins.app/Constratins";
			};
			name = Debug;
		};
		697BF4511AC818940081BE03 /* Release */ = {
			isa = XCBuildConfiguration;
			buildSettings = {
				BUNDLE_LOADER = "$(TEST_HOST)";
				FRAMEWORK_SEARCH_PATHS = (
					"$(SDKROOT)/Developer/Library/Frameworks",
					"$(inherited)",
				);
				INFOPLIST_FILE = ConstratinsTests/Info.plist;
				LD_RUNPATH_SEARCH_PATHS = "$(inherited) @executable_path/Frameworks @loader_path/Frameworks";
				PRODUCT_NAME = "$(TARGET_NAME)";
				TEST_HOST = "$(BUILT_PRODUCTS_DIR)/Constratins.app/Constratins";
			};
			name = Release;
		};
/* End XCBuildConfiguration section */

/* Begin XCConfigurationList section */
		697BF4281AC818940081BE03 /* Build configuration list for PBXProject "Constratins" */ = {
			isa = XCConfigurationList;
			buildConfigurations = (
				697BF44A1AC818940081BE03 /* Debug */,
				697BF44B1AC818940081BE03 /* Release */,
			);
			defaultConfigurationIsVisible = 0;
			defaultConfigurationName = Release;
		};
		697BF44C1AC818940081BE03 /* Build configuration list for PBXNativeTarget "Constratins" */ = {
			isa = XCConfigurationList;
			buildConfigurations = (
				697BF44D1AC818940081BE03 /* Debug */,
				697BF44E1AC818940081BE03 /* Release */,
			);
			defaultConfigurationIsVisible = 0;
		};
		697BF44F1AC818940081BE03 /* Build configuration list for PBXNativeTarget "ConstratinsTests" */ = {
			isa = XCConfigurationList;
			buildConfigurations = (
				697BF4501AC818940081BE03 /* Debug */,
				697BF4511AC818940081BE03 /* Release */,
			);
			defaultConfigurationIsVisible = 0;
		};
/* End XCConfigurationList section */
	};
	rootObject = 697BF4251AC818940081BE03 /* Project object */;
}
